
Microsoft Visual Studio Solution File, Format Version 12.00
# Visual Studio Version 16
VisualStudioVersion = 16.0.30225.117
MinimumVisualStudioVersion = 10.0.40219.1
Project("{9A19103F-16F7-4668-BE54-9A1E7A4F7556}") = "Application", "Application\Application.csproj", "{7A4C8929-163C-45BA-981B-4D28B64DF49E}"
EndProject
Project("{9A19103F-16F7-4668-BE54-9A1E7A4F7556}") = "Persistence", "Persistence\Persistence.csproj", "{895FBF60-6727-4C82-9107-8090B34159BA}"
EndProject
Project("{9A19103F-16F7-4668-BE54-9A1E7A4F7556}") = "Domains", "Domains\Domains.csproj", "{274085A6-81F2-43D9-AE11-B0815CCA7ECB}"
EndProject
Project("{9A19103F-16F7-4668-BE54-9A1E7A4F7556}") = "NIIC.API", "NIIC.API\NIIC.API.csproj", "{BC2E8496-66CC-4D8E-858D-15221C4CCB59}"
EndProject
Project("{9A19103F-16F7-4668-BE54-9A1E7A4F7556}") = "Infrastructure", "Infrastructure\Infrastructure.csproj", "{108FB8D3-0029-47B9-81CA-DDA96940BF1F}"
EndProject
Global
	GlobalSection(SolutionConfigurationPlatforms) = preSolution
		Debug|Any CPU = Debug|Any CPU
		Release|Any CPU = Release|Any CPU
	EndGlobalSection
	GlobalSection(ProjectConfigurationPlatforms) = postSolution
		{7A4C8929-163C-45BA-981B-4D28B64DF49E}.Debug|Any CPU.ActiveCfg = Debug|Any CPU
		{7A4C8929-163C-45BA-981B-4D28B64DF49E}.Debug|Any CPU.Build.0 = Debug|Any CPU
		{7A4C8929-163C-45BA-981B-4D28B64DF49E}.Release|Any CPU.ActiveCfg = Release|Any CPU
		{7A4C8929-163C-45BA-981B-4D28B64DF49E}.Release|Any CPU.Build.0 = Release|Any CPU
		{895FBF60-6727-4C82-9107-8090B34159BA}.Debug|Any CPU.ActiveCfg = Debug|Any CPU
		{895FBF60-6727-4C82-9107-8090B34159BA}.Debug|Any CPU.Build.0 = Debug|Any CPU
		{895FBF60-6727-4C82-9107-8090B34159BA}.Release|Any CPU.ActiveCfg = Release|Any CPU
		{895FBF60-6727-4C82-9107-8090B34159BA}.Release|Any CPU.Build.0 = Release|Any CPU
		{274085A6-81F2-43D9-AE11-B0815CCA7ECB}.Debug|Any CPU.ActiveCfg = Debug|Any CPU
		{274085A6-81F2-43D9-AE11-B0815CCA7ECB}.Debug|Any CPU.Build.0 = Debug|Any CPU
		{274085A6-81F2-43D9-AE11-B0815CCA7ECB}.Release|Any CPU.ActiveCfg = Release|Any CPU
		{274085A6-81F2-43D9-AE11-B0815CCA7ECB}.Release|Any CPU.Build.0 = Release|Any CPU
		{BC2E8496-66CC-4D8E-858D-15221C4CCB59}.Debug|Any CPU.ActiveCfg = Debug|Any CPU
		{BC2E8496-66CC-4D8E-858D-15221C4CCB59}.Debug|Any CPU.Build.0 = Debug|Any CPU
		{BC2E8496-66CC-4D8E-858D-15221C4CCB59}.Release|Any CPU.ActiveCfg = Release|Any CPU
		{BC2E8496-66CC-4D8E-858D-15221C4CCB59}.Release|Any CPU.Build.0 = Release|Any CPU
		{108FB8D3-0029-47B9-81CA-DDA96940BF1F}.Debug|Any CPU.ActiveCfg = Debug|Any CPU
		{108FB8D3-0029-47B9-81CA-DDA96940BF1F}.Debug|Any CPU.Build.0 = Debug|Any CPU
		{108FB8D3-0029-47B9-81CA-DDA96940BF1F}.Release|Any CPU.ActiveCfg = Release|Any CPU
		{108FB8D3-0029-47B9-81CA-DDA96940BF1F}.Release|Any CPU.Build.0 = Release|Any CPU
	EndGlobalSection
	GlobalSection(SolutionProperties) = preSolution
		HideSolutionNode = FALSE
	EndGlobalSection
	GlobalSection(ExtensibilityGlobals) = postSolution
		SolutionGuid = {1612AA9E-5AD8-46FA-913E-6FF98E5C2D09}
	EndGlobalSection
EndGlobal
